{
  "name": "web-project-showcase",
  "version": "1.0.0-PREVIEW",
  "lockfileVersion": 2,
  "requires": true,
  "packages": {
    "": {
      "name": "web-project-showcase",
      "version": "1.0.0-PREVIEW",
      "license": "MIT",
      "bin": {
        "web-project-showcase": "bin/index.mjs"
      }
    }
  }
}
